// !$*UTF8*$!
{
	archiveVersion = 1;
	classes = {
	};
	objectVersion = 46;
	objects = {

/* Begin PBXBuildFile section */
		992A140A1A00E3D400606F97 /* main.m in Sources */ = {isa = PBXBuildFile; fileRef = 992A14091A00E3D400606F97 /* main.m */; };
		992A140D1A00E3D400606F97 /* AppDelegate.m in Sources */ = {isa = PBXBuildFile; fileRef = 992A140C1A00E3D400606F97 /* AppDelegate.m */; };
		992A14131A00E3D400606F97 /* Main.storyboard in Resources */ = {isa = PBXBuildFile; fileRef = 992A14111A00E3D400606F97 /* Main.storyboard */; };
		992A14151A00E3D400606F97 /* Images.xcassets in Resources */ = {isa = PBXBuildFile; fileRef = 992A14141A00E3D400606F97 /* Images.xcassets */; };
		992A14181A00E3D400606F97 /* LaunchScreen.xib in Resources */ = {isa = PBXBuildFile; fileRef = 992A14161A00E3D400606F97 /* LaunchScreen.xib */; };
		992A14241A00E3D400606F97 /* RottenMangoesTests.m in Sources */ = {isa = PBXBuildFile; fileRef = 992A14231A00E3D400606F97 /* RottenMangoesTests.m */; };
		992A14301A00EAAE00606F97 /* MovieBuilder.m in Sources */ = {isa = PBXBuildFile; fileRef = 992A142F1A00EAAE00606F97 /* MovieBuilder.m */; };
		992A14331A00EB0700606F97 /* Movie.m in Sources */ = {isa = PBXBuildFile; fileRef = 992A14321A00EB0700606F97 /* Movie.m */; };
		993D0EFB1A0231CA00D42FAF /* map.png in Resources */ = {isa = PBXBuildFile; fileRef = 993D0EFA1A0231CA00D42FAF /* map.png */; };
		993D0EFE1A0232B000D42FAF /* MapViewController.m in Sources */ = {isa = PBXBuildFile; fileRef = 993D0EFD1A0232B000D42FAF /* MapViewController.m */; };
		993F87491A019F090086AA04 /* MovieCell.m in Sources */ = {isa = PBXBuildFile; fileRef = 993F87481A019F090086AA04 /* MovieCell.m */; };
		993F874C1A01A3630086AA04 /* MyCollectionViewController.m in Sources */ = {isa = PBXBuildFile; fileRef = 993F874B1A01A3630086AA04 /* MyCollectionViewController.m */; };
		993F874F1A01B0AE0086AA04 /* MyTableViewController.m in Sources */ = {isa = PBXBuildFile; fileRef = 993F874E1A01B0AE0086AA04 /* MyTableViewController.m */; };
		993F87521A01BFE60086AA04 /* Reviews.m in Sources */ = {isa = PBXBuildFile; fileRef = 993F87511A01BFE60086AA04 /* Reviews.m */; };
		993F87551A01CA820086AA04 /* ReviewsBuilder.m in Sources */ = {isa = PBXBuildFile; fileRef = 993F87541A01CA820086AA04 /* ReviewsBuilder.m */; };
/* End PBXBuildFile section */

/* Begin PBXContainerItemProxy section */
		992A141E1A00E3D400606F97 /* PBXContainerItemProxy */ = {
			isa = PBXContainerItemProxy;
			containerPortal = 992A13FC1A00E3D400606F97 /* Project object */;
			proxyType = 1;
			remoteGlobalIDString = 992A14031A00E3D400606F97;
			remoteInfo = RottenMangoes;
		};
/* End PBXContainerItemProxy section */

/* Begin PBXFileReference section */
		992A14041A00E3D400606F97 /* RottenMangoes.app */ = {isa = PBXFileReference; explicitFileType = wrapper.application; includeInIndex = 0; path = RottenMangoes.app; sourceTree = BUILT_PRODUCTS_DIR; };
		992A14081A00E3D400606F97 /* Info.plist */ = {isa = PBXFileReference; lastKnownFileType = text.plist.xml; path = Info.plist; sourceTree = "<group>"; };
		992A14091A00E3D400606F97 /* main.m */ = {isa = PBXFileReference; lastKnownFileType = sourcecode.c.objc; path = main.m; sourceTree = "<group>"; };
		992A140B1A00E3D400606F97 /* AppDelegate.h */ = {isa = PBXFileReference; lastKnownFileType = sourcecode.c.h; path = AppDelegate.h; sourceTree = "<group>"; };
		992A140C1A00E3D400606F97 /* AppDelegate.m */ = {isa = PBXFileReference; lastKnownFileType = sourcecode.c.objc; path = AppDelegate.m; sourceTree = "<group>"; };
		992A14121A00E3D400606F97 /* Base */ = {isa = PBXFileReference; lastKnownFileType = file.storyboard; name = Base; path = Base.lproj/Main.storyboard; sourceTree = "<group>"; };
		992A14141A00E3D400606F97 /* Images.xcassets */ = {isa = PBXFileReference; lastKnownFileType = folder.assetcatalog; path = Images.xcassets; sourceTree = "<group>"; };
		992A14171A00E3D400606F97 /* Base */ = {isa = PBXFileReference; lastKnownFileType = file.xib; name = Base; path = Base.lproj/LaunchScreen.xib; sourceTree = "<group>"; };
		992A141D1A00E3D400606F97 /* RottenMangoesTests.xctest */ = {isa = PBXFileReference; explicitFileType = wrapper.cfbundle; includeInIndex = 0; path = RottenMangoesTests.xctest; sourceTree = BUILT_PRODUCTS_DIR; };
		992A14221A00E3D400606F97 /* Info.plist */ = {isa = PBXFileReference; lastKnownFileType = text.plist.xml; path = Info.plist; sourceTree = "<group>"; };
		992A14231A00E3D400606F97 /* RottenMangoesTests.m */ = {isa = PBXFileReference; lastKnownFileType = sourcecode.c.objc; path = RottenMangoesTests.m; sourceTree = "<group>"; };
		992A142D1A00E67500606F97 /* MoviesDelegate.h */ = {isa = PBXFileReference; fileEncoding = 4; lastKnownFileType = sourcecode.c.h; path = MoviesDelegate.h; sourceTree = "<group>"; };
		992A142E1A00EAAE00606F97 /* MovieBuilder.h */ = {isa = PBXFileReference; fileEncoding = 4; lastKnownFileType = sourcecode.c.h; path = MovieBuilder.h; sourceTree = "<group>"; };
		992A142F1A00EAAE00606F97 /* MovieBuilder.m */ = {isa = PBXFileReference; fileEncoding = 4; lastKnownFileType = sourcecode.c.objc; path = MovieBuilder.m; sourceTree = "<group>"; };
		992A14311A00EB0700606F97 /* Movie.h */ = {isa = PBXFileReference; fileEncoding = 4; lastKnownFileType = sourcecode.c.h; path = Movie.h; sourceTree = "<group>"; };
		992A14321A00EB0700606F97 /* Movie.m */ = {isa = PBXFileReference; fileEncoding = 4; lastKnownFileType = sourcecode.c.objc; path = Movie.m; sourceTree = "<group>"; };
		993D0EFA1A0231CA00D42FAF /* map.png */ = {isa = PBXFileReference; lastKnownFileType = image.png; path = map.png; sourceTree = "<group>"; };
		993D0EFC1A0232B000D42FAF /* MapViewController.h */ = {isa = PBXFileReference; fileEncoding = 4; lastKnownFileType = sourcecode.c.h; name = MapViewController.h; path = ../MapViewController.h; sourceTree = "<group>"; };
		993D0EFD1A0232B000D42FAF /* MapViewController.m */ = {isa = PBXFileReference; fileEncoding = 4; lastKnownFileType = sourcecode.c.objc; name = MapViewController.m; path = ../MapViewController.m; sourceTree = "<group>"; };
		993F87471A019F090086AA04 /* MovieCell.h */ = {isa = PBXFileReference; fileEncoding = 4; lastKnownFileType = sourcecode.c.h; path = MovieCell.h; sourceTree = "<group>"; };
		993F87481A019F090086AA04 /* MovieCell.m */ = {isa = PBXFileReference; fileEncoding = 4; lastKnownFileType = sourcecode.c.objc; path = MovieCell.m; sourceTree = "<group>"; };
		993F874A1A01A3630086AA04 /* MyCollectionViewController.h */ = {isa = PBXFileReference; fileEncoding = 4; lastKnownFileType = sourcecode.c.h; path = MyCollectionViewController.h; sourceTree = "<group>"; };
		993F874B1A01A3630086AA04 /* MyCollectionViewController.m */ = {isa = PBXFileReference; fileEncoding = 4; lastKnownFileType = sourcecode.c.objc; path = MyCollectionViewController.m; sourceTree = "<group>"; };
		993F874D1A01B0AE0086AA04 /* MyTableViewController.h */ = {isa = PBXFileReference; fileEncoding = 4; lastKnownFileType = sourcecode.c.h; path = MyTableViewController.h; sourceTree = "<group>"; };
		993F874E1A01B0AE0086AA04 /* MyTableViewController.m */ = {isa = PBXFileReference; fileEncoding = 4; lastKnownFileType = sourcecode.c.objc; path = MyTableViewController.m; sourceTree = "<group>"; };
		993F87501A01BFE60086AA04 /* Reviews.h */ = {isa = PBXFileReference; fileEncoding = 4; lastKnownFileType = sourcecode.c.h; path = Reviews.h; sourceTree = "<group>"; };
		993F87511A01BFE60086AA04 /* Reviews.m */ = {isa = PBXFileReference; fileEncoding = 4; lastKnownFileType = sourcecode.c.objc; path = Reviews.m; sourceTree = "<group>"; };
		993F87531A01CA820086AA04 /* ReviewsBuilder.h */ = {isa = PBXFileReference; fileEncoding = 4; lastKnownFileType = sourcecode.c.h; name = ReviewsBuilder.h; path = ../ReviewsBuilder.h; sourceTree = "<group>"; };
		993F87541A01CA820086AA04 /* ReviewsBuilder.m */ = {isa = PBXFileReference; fileEncoding = 4; lastKnownFileType = sourcecode.c.objc; name = ReviewsBuilder.m; path = ../ReviewsBuilder.m; sourceTree = "<group>"; };
/* End PBXFileReference section */

/* Begin PBXFrameworksBuildPhase section */
		992A14011A00E3D400606F97 /* Frameworks */ = {
			isa = PBXFrameworksBuildPhase;
			buildActionMask = 2147483647;
			files = (
			);
			runOnlyForDeploymentPostprocessing = 0;
		};
		992A141A1A00E3D400606F97 /* Frameworks */ = {
			isa = PBXFrameworksBuildPhase;
			buildActionMask = 2147483647;
			files = (
			);
			runOnlyForDeploymentPostprocessing = 0;
		};
/* End PBXFrameworksBuildPhase section */

/* Begin PBXGroup section */
		992A13FB1A00E3D400606F97 = {
			isa = PBXGroup;
			children = (
				992A14061A00E3D400606F97 /* RottenMangoes */,
				992A14201A00E3D400606F97 /* RottenMangoesTests */,
				992A14051A00E3D400606F97 /* Products */,
			);
			sourceTree = "<group>";
		};
		992A14051A00E3D400606F97 /* Products */ = {
			isa = PBXGroup;
			children = (
				992A14041A00E3D400606F97 /* RottenMangoes.app */,
				992A141D1A00E3D400606F97 /* RottenMangoesTests.xctest */,
			);
			name = Products;
			sourceTree = "<group>";
		};
		992A14061A00E3D400606F97 /* RottenMangoes */ = {
			isa = PBXGroup;
			children = (
				993D0EFA1A0231CA00D42FAF /* map.png */,
				992A140B1A00E3D400606F97 /* AppDelegate.h */,
				992A140C1A00E3D400606F97 /* AppDelegate.m */,
				993F874A1A01A3630086AA04 /* MyCollectionViewController.h */,
				993F874B1A01A3630086AA04 /* MyCollectionViewController.m */,
				993F874D1A01B0AE0086AA04 /* MyTableViewController.h */,
				993F874E1A01B0AE0086AA04 /* MyTableViewController.m */,
				993D0EFC1A0232B000D42FAF /* MapViewController.h */,
				993D0EFD1A0232B000D42FAF /* MapViewController.m */,
				992A142E1A00EAAE00606F97 /* MovieBuilder.h */,
				992A142F1A00EAAE00606F97 /* MovieBuilder.m */,
				993F87531A01CA820086AA04 /* ReviewsBuilder.h */,
				993F87541A01CA820086AA04 /* ReviewsBuilder.m */,
				992A14311A00EB0700606F97 /* Movie.h */,
				992A14321A00EB0700606F97 /* Movie.m */,
				993F87501A01BFE60086AA04 /* Reviews.h */,
				993F87511A01BFE60086AA04 /* Reviews.m */,
				992A14111A00E3D400606F97 /* Main.storyboard */,
				992A14141A00E3D400606F97 /* Images.xcassets */,
				992A14161A00E3D400606F97 /* LaunchScreen.xib */,
				992A14071A00E3D400606F97 /* Supporting Files */,
				992A142D1A00E67500606F97 /* MoviesDelegate.h */,
				993F87471A019F090086AA04 /* MovieCell.h */,
				993F87481A019F090086AA04 /* MovieCell.m */,
			);
			path = RottenMangoes;
			sourceTree = "<group>";
		};
		992A14071A00E3D400606F97 /* Supporting Files */ = {
			isa = PBXGroup;
			children = (
				992A14081A00E3D400606F97 /* Info.plist */,
				992A14091A00E3D400606F97 /* main.m */,
			);
			name = "Supporting Files";
			sourceTree = "<group>";
		};
		992A14201A00E3D400606F97 /* RottenMangoesTests */ = {
			isa = PBXGroup;
			children = (
				992A14231A00E3D400606F97 /* RottenMangoesTests.m */,
				992A14211A00E3D400606F97 /* Supporting Files */,
			);
			path = RottenMangoesTests;
			sourceTree = "<group>";
		};
		992A14211A00E3D400606F97 /* Supporting Files */ = {
			isa = PBXGroup;
			children = (
				992A14221A00E3D400606F97 /* Info.plist */,
			);
			name = "Supporting Files";
			sourceTree = "<group>";
		};
/* End PBXGroup section */

/* Begin PBXNativeTarget section */
		992A14031A00E3D400606F97 /* RottenMangoes */ = {
			isa = PBXNativeTarget;
			buildConfigurationList = 992A14271A00E3D400606F97 /* Build configuration list for PBXNativeTarget "RottenMangoes" */;
			buildPhases = (
				992A14001A00E3D400606F97 /* Sources */,
				992A14011A00E3D400606F97 /* Frameworks */,
				992A14021A00E3D400606F97 /* Resources */,
			);
			buildRules = (
			);
			dependencies = (
			);
			name = RottenMangoes;
			productName = RottenMangoes;
			productReference = 992A14041A00E3D400606F97 /* RottenMangoes.app */;
			productType = "com.apple.product-type.application";
		};
		992A141C1A00E3D400606F97 /* RottenMangoesTests */ = {
			isa = PBXNativeTarget;
			buildConfigurationList = 992A142A1A00E3D400606F97 /* Build configuration list for PBXNativeTarget "RottenMangoesTests" */;
			buildPhases = (
				992A14191A00E3D400606F97 /* Sources */,
				992A141A1A00E3D400606F97 /* Frameworks */,
				992A141B1A00E3D400606F97 /* Resources */,
			);
			buildRules = (
			);
			dependencies = (
				992A141F1A00E3D400606F97 /* PBXTargetDependency */,
			);
			name = RottenMangoesTests;
			productName = RottenMangoesTests;
			productReference = 992A141D1A00E3D400606F97 /* RottenMangoesTests.xctest */;
			productType = "com.apple.product-type.bundle.unit-test";
		};
/* End PBXNativeTarget section */

/* Begin PBXProject section */
		992A13FC1A00E3D400606F97 /* Project object */ = {
			isa = PBXProject;
			attributes = {
				LastUpgradeCheck = 0600;
				ORGANIZATIONNAME = audreyjun;
				TargetAttributes = {
					992A14031A00E3D400606F97 = {
						CreatedOnToolsVersion = 6.0.1;
					};
					992A141C1A00E3D400606F97 = {
						CreatedOnToolsVersion = 6.0.1;
						TestTargetID = 992A14031A00E3D400606F97;
					};
				};
			};
			buildConfigurationList = 992A13FF1A00E3D400606F97 /* Build configuration list for PBXProject "RottenMangoes" */;
			compatibilityVersion = "Xcode 3.2";
			developmentRegion = English;
			hasScannedForEncodings = 0;
			knownRegions = (
				en,
				Base,
			);
			mainGroup = 992A13FB1A00E3D400606F97;
			productRefGroup = 992A14051A00E3D400606F97 /* Products */;
			projectDirPath = "";
			projectRoot = "";
			targets = (
				992A14031A00E3D400606F97 /* RottenMangoes */,
				992A141C1A00E3D400606F97 /* RottenMangoesTests */,
			);
		};
/* End PBXProject section */

/* Begin PBXResourcesBuildPhase section */
		992A14021A00E3D400606F97 /* Resources */ = {
			isa = PBXResourcesBuildPhase;
			buildActionMask = 2147483647;
			files = (
				992A14131A00E3D400606F97 /* Main.storyboard in Resources */,
				992A14181A00E3D400606F97 /* LaunchScreen.xib in Resources */,
				992A14151A00E3D400606F97 /* Images.xcassets in Resources */,
				993D0EFB1A0231CA00D42FAF /* map.png in Resources */,
			);
			runOnlyForDeploymentPostprocessing = 0;
		};
		992A141B1A00E3D400606F97 /* Resources */ = {
			isa = PBXResourcesBuildPhase;
			buildActionMask = 2147483647;
			files = (
			);
			runOnlyForDeploymentPostprocessing = 0;
		};
/* End PBXResourcesBuildPhase section */

/* Begin PBXSourcesBuildPhase section */
		992A14001A00E3D400606F97 /* Sources */ = {
			isa = PBXSourcesBuildPhase;
			buildActionMask = 2147483647;
			files = (
				992A14301A00EAAE00606F97 /* MovieBuilder.m in Sources */,
				993F87521A01BFE60086AA04 /* Reviews.m in Sources */,
				993F87551A01CA820086AA04 /* ReviewsBuilder.m in Sources */,
				993F87491A019F090086AA04 /* MovieCell.m in Sources */,
				992A14331A00EB0700606F97 /* Movie.m in Sources */,
				993F874C1A01A3630086AA04 /* MyCollectionViewController.m in Sources */,
				993F874F1A01B0AE0086AA04 /* MyTableViewController.m in Sources */,
				993D0EFE1A0232B000D42FAF /* MapViewController.m in Sources */,
				992A140D1A00E3D400606F97 /* AppDelegate.m in Sources */,
				992A140A1A00E3D400606F97 /* main.m in Sources */,
			);
			runOnlyForDeploymentPostprocessing = 0;
		};
		992A14191A00E3D400606F97 /* Sources */ = {
			isa = PBXSourcesBuildPhase;
			buildActionMask = 2147483647;
			files = (
				992A14241A00E3D400606F97 /* RottenMangoesTests.m in Sources */,
			);
			runOnlyForDeploymentPostprocessing = 0;
		};
/* End PBXSourcesBuildPhase section */

/* Begin PBXTargetDependency section */
		992A141F1A00E3D400606F97 /* PBXTargetDependency */ = {
			isa = PBXTargetDependency;
			target = 992A14031A00E3D400606F97 /* RottenMangoes */;
			targetProxy = 992A141E1A00E3D400606F97 /* PBXContainerItemProxy */;
		};
/* End PBXTargetDependency section */

/* Begin PBXVariantGroup section */
		992A14111A00E3D400606F97 /* Main.storyboard */ = {
			isa = PBXVariantGroup;
			children = (
				992A14121A00E3D400606F97 /* Base */,
			);
			name = Main.storyboard;
			sourceTree = "<group>";
		};
		992A14161A00E3D400606F97 /* LaunchScreen.xib */ = {
			isa = PBXVariantGroup;
			children = (
				992A14171A00E3D400606F97 /* Base */,
			);
			name = LaunchScreen.xib;
			sourceTree = "<group>";
		};
/* End PBXVariantGroup section */

/* Begin XCBuildConfiguration section */
		992A14251A00E3D400606F97 /* Debug */ = {
			isa = XCBuildConfiguration;
			buildSettings = {
				ALWAYS_SEARCH_USER_PATHS = NO;
				CLANG_CXX_LANGUAGE_STANDARD = "gnu++0x";
				CLANG_CXX_LIBRARY = "libc++";
				CLANG_ENABLE_MODULES = YES;
				CLANG_ENABLE_OBJC_ARC = YES;
				CLANG_WARN_BOOL_CONVERSION = YES;
				CLANG_WARN_CONSTANT_CONVERSION = YES;
				CLANG_WARN_DIRECT_OBJC_ISA_USAGE = YES_ERROR;
				CLANG_WARN_EMPTY_BODY = YES;
				CLANG_WARN_ENUM_CONVERSION = YES;
				CLANG_WARN_INT_CONVERSION = YES;
				CLANG_WARN_OBJC_ROOT_CLASS = YES_ERROR;
				CLANG_WARN_UNREACHABLE_CODE = YES;
				CLANG_WARN__DUPLICATE_METHOD_MATCH = YES;
				"CODE_SIGN_IDENTITY[sdk=iphoneos*]" = "iPhone Developer";
				COPY_PHASE_STRIP = NO;
				ENABLE_STRICT_OBJC_MSGSEND = YES;
				GCC_C_LANGUAGE_STANDARD = gnu99;
				GCC_DYNAMIC_NO_PIC = NO;
				GCC_OPTIMIZATION_LEVEL = 0;
				GCC_PREPROCESSOR_DEFINITIONS = (
					"DEBUG=1",
					"$(inherited)",
				);
				GCC_SYMBOLS_PRIVATE_EXTERN = NO;
				GCC_WARN_64_TO_32_BIT_CONVERSION = YES;
				GCC_WARN_ABOUT_RETURN_TYPE = YES_ERROR;
				GCC_WARN_UNDECLARED_SELECTOR = YES;
				GCC_WARN_UNINITIALIZED_AUTOS = YES_AGGRESSIVE;
				GCC_WARN_UNUSED_FUNCTION = YES;
				GCC_WARN_UNUSED_VARIABLE = YES;
				IPHONEOS_DEPLOYMENT_TARGET = 8.0;
				MTL_ENABLE_DEBUG_INFO = YES;
				ONLY_ACTIVE_ARCH = YES;
				SDKROOT = iphoneos;
			};
			name = Debug;
		};
		992A14261A00E3D400606F97 /* Release */ = {
			isa = XCBuildConfiguration;
			buildSettings = {
				ALWAYS_SEARCH_USER_PATHS = NO;
				CLANG_CXX_LANGUAGE_STANDARD = "gnu++0x";
				CLANG_CXX_LIBRARY = "libc++";
				CLANG_ENABLE_MODULES = YES;
				CLANG_ENABLE_OBJC_ARC = YES;
				CLANG_WARN_BOOL_CONVERSION = YES;
				CLANG_WARN_CONSTANT_CONVERSION = YES;
				CLANG_WARN_DIRECT_OBJC_ISA_USAGE = YES_ERROR;
				CLANG_WARN_EMPTY_BODY = YES;
				CLANG_WARN_ENUM_CONVERSION = YES;
				CLANG_WARN_INT_CONVERSION = YES;
				CLANG_WARN_OBJC_ROOT_CLASS = YES_ERROR;
				CLANG_WARN_UNREACHABLE_CODE = YES;
				CLANG_WARN__DUPLICATE_METHOD_MATCH = YES;
				"CODE_SIGN_IDENTITY[sdk=iphoneos*]" = "iPhone Developer";
				COPY_PHASE_STRIP = YES;
				ENABLE_NS_ASSERTIONS = NO;
				ENABLE_STRICT_OBJC_MSGSEND = YES;
				GCC_C_LANGUAGE_STANDARD = gnu99;
				GCC_WARN_64_TO_32_BIT_CONVERSION = YES;
				GCC_WARN_ABOUT_RETURN_TYPE = YES_ERROR;
				GCC_WARN_UNDECLARED_SELECTOR = YES;
				GCC_WARN_UNINITIALIZED_AUTOS = YES_AGGRESSIVE;
				GCC_WARN_UNUSED_FUNCTION = YES;
				GCC_WARN_UNUSED_VARIABLE = YES;
				IPHONEOS_DEPLOYMENT_TARGET = 8.0;
				MTL_ENABLE_DEBUG_INFO = NO;
				SDKROOT = iphoneos;
				VALIDATE_PRODUCT = YES;
			};
			name = Release;
		};
		992A14281A00E3D400606F97 /* Debug */ = {
			isa = XCBuildConfiguration;
			buildSettings = {
				ASSETCATALOG_COMPILER_APPICON_NAME = AppIcon;
				INFOPLIST_FILE = RottenMangoes/Info.plist;
				LD_RUNPATH_SEARCH_PATHS = "$(inherited) @executable_path/Frameworks";
				PRODUCT_NAME = "$(TARGET_NAME)";
			};
			name = Debug;
		};
		992A14291A00E3D400606F97 /* Release */ = {
			isa = XCBuildConfiguration;
			buildSettings = {
				ASSETCATALOG_COMPILER_APPICON_NAME = AppIcon;
				INFOPLIST_FILE = RottenMangoes/Info.plist;
				LD_RUNPATH_SEARCH_PATHS = "$(inherited) @executable_path/Frameworks";
				PRODUCT_NAME = "$(TARGET_NAME)";
			};
			name = Release;
		};
		992A142B1A00E3D400606F97 /* Debug */ = {
			isa = XCBuildConfiguration;
			buildSettings = {
				BUNDLE_LOADER = "$(TEST_HOST)";
				FRAMEWORK_SEARCH_PATHS = (
					"$(SDKROOT)/Developer/Library/Frameworks",
					"$(inherited)",
				);
				GCC_PREPROCESSOR_DEFINITIONS = (
					"DEBUG=1",
					"$(inherited)",
				);
				INFOPLIST_FILE = RottenMangoesTests/Info.plist;
				LD_RUNPATH_SEARCH_PATHS = "$(inherited) @executable_path/Frameworks @loader_path/Frameworks";
				PRODUCT_NAME = "$(TARGET_NAME)";
				TEST_HOST = "$(BUILT_PRODUCTS_DIR)/RottenMangoes.app/RottenMangoes";
			};
			name = Debug;
		};
		992A142C1A00E3D400606F97 /* Release */ = {
			isa = XCBuildConfiguration;
			buildSettings = {
				BUNDLE_LOADER = "$(TEST_HOST)";
				FRAMEWORK_SEARCH_PATHS = (
					"$(SDKROOT)/Developer/Library/Frameworks",
					"$(inherited)",
				);
				INFOPLIST_FILE = RottenMangoesTests/Info.plist;
				LD_RUNPATH_SEARCH_PATHS = "$(inherited) @executable_path/Frameworks @loader_path/Frameworks";
				PRODUCT_NAME = "$(TARGET_NAME)";
				TEST_HOST = "$(BUILT_PRODUCTS_DIR)/RottenMangoes.app/RottenMangoes";
			};
			name = Release;
		};
/* End XCBuildConfiguration section */

/* Begin XCConfigurationList section */
		992A13FF1A00E3D400606F97 /* Build configuration list for PBXProject "RottenMangoes" */ = {
			isa = XCConfigurationList;
			buildConfigurations = (
				992A14251A00E3D400606F97 /* Debug */,
				992A14261A00E3D400606F97 /* Release */,
			);
			defaultConfigurationIsVisible = 0;
			defaultConfigurationName = Release;
		};
		992A14271A00E3D400606F97 /* Build configuration list for PBXNativeTarget "RottenMangoes" */ = {
			isa = XCConfigurationList;
			buildConfigurations = (
				992A14281A00E3D400606F97 /* Debug */,
				992A14291A00E3D400606F97 /* Release */,
			);
			defaultConfigurationIsVisible = 0;
			defaultConfigurationName = Release;
		};
		992A142A1A00E3D400606F97 /* Build configuration list for PBXNativeTarget "RottenMangoesTests" */ = {
			isa = XCConfigurationList;
			buildConfigurations = (
				992A142B1A00E3D400606F97 /* Debug */,
				992A142C1A00E3D400606F97 /* Release */,
			);
			defaultConfigurationIsVisible = 0;
			defaultConfigurationName = Release;
		};
/* End XCConfigurationList section */
	};
	rootObject = 992A13FC1A00E3D400606F97 /* Project object */;
}
